
Microsoft Visual Studio Solution File, Format Version 12.00
Project("{FAE04EC0-301F-11D3-BF4B-00C04F79EFBC}") = "HackerNewsApi", "HackerNewsApi\HackerNewsApi.csproj", "{43069B42-7EBA-484D-B63B-AFD7DA13BC38}"
EndProject
Project("{FAE04EC0-301F-11D3-BF4B-00C04F79EFBC}") = "HackerNewsApi.Tests", "HackerNewsApi.Tests\HackerNewsApi.Tests.csproj", "{1DDD13DB-ED15-4BA9-B1C6-AC70C377EFC9}"
EndProject
Global
	GlobalSection(SolutionConfigurationPlatforms) = preSolution
		Debug|Any CPU = Debug|Any CPU
		Release|Any CPU = Release|Any CPU
	EndGlobalSection
	GlobalSection(ProjectConfigurationPlatforms) = postSolution
		{43069B42-7EBA-484D-B63B-AFD7DA13BC38}.Debug|Any CPU.ActiveCfg = Debug|Any CPU
		{43069B42-7EBA-484D-B63B-AFD7DA13BC38}.Debug|Any CPU.Build.0 = Debug|Any CPU
		{43069B42-7EBA-484D-B63B-AFD7DA13BC38}.Release|Any CPU.ActiveCfg = Release|Any CPU
		{43069B42-7EBA-484D-B63B-AFD7DA13BC38}.Release|Any CPU.Build.0 = Release|Any CPU
		{1DDD13DB-ED15-4BA9-B1C6-AC70C377EFC9}.Debug|Any CPU.ActiveCfg = Debug|Any CPU
		{1DDD13DB-ED15-4BA9-B1C6-AC70C377EFC9}.Debug|Any CPU.Build.0 = Debug|Any CPU
		{1DDD13DB-ED15-4BA9-B1C6-AC70C377EFC9}.Release|Any CPU.ActiveCfg = Release|Any CPU
		{1DDD13DB-ED15-4BA9-B1C6-AC70C377EFC9}.Release|Any CPU.Build.0 = Release|Any CPU
	EndGlobalSection
EndGlobal
